
Microsoft Visual Studio Solution File, Format Version 12.00
# Visual Studio 15
VisualStudioVersion = 15.0.27130.2036
MinimumVisualStudioVersion = 10.0.40219.1
Project("{FAE04EC0-301F-11D3-BF4B-00C04F79EFBC}") = "CT", "CT\CT.csproj", "{24A88307-BE54-4A76-A7CE-70ECA4DE28EC}"
EndProject
Global
	GlobalSection(SolutionConfigurationPlatforms) = preSolution
		Debug|Any CPU = Debug|Any CPU
		Release|Any CPU = Release|Any CPU
	EndGlobalSection
	GlobalSection(ProjectConfigurationPlatforms) = postSolution
		{24A88307-BE54-4A76-A7CE-70ECA4DE28EC}.Debug|Any CPU.ActiveCfg = Debug|Any CPU
		{24A88307-BE54-4A76-A7CE-70ECA4DE28EC}.Debug|Any CPU.Build.0 = Debug|Any CPU
		{24A88307-BE54-4A76-A7CE-70ECA4DE28EC}.Release|Any CPU.ActiveCfg = Release|Any CPU
		{24A88307-BE54-4A76-A7CE-70ECA4DE28EC}.Release|Any CPU.Build.0 = Release|Any CPU
	EndGlobalSection
	GlobalSection(SolutionProperties) = preSolution
		HideSolutionNode = FALSE
	EndGlobalSection
	GlobalSection(ExtensibilityGlobals) = postSolution
		SolutionGuid = {22BBA95D-2611-43ED-86B8-D8B550043E0D}
	EndGlobalSection
EndGlobal
